
Microsoft Visual Studio Solution File, Format Version 12.00
# Visual Studio Version 16
VisualStudioVersion = 16.0.33927.289
MinimumVisualStudioVersion = 10.0.40219.1
Project("{FAE04EC0-301F-11D3-BF4B-00C04F79EFBC}") = "Addon_CopiaPedidoParaNota", "Addon_CopiaPedidoParaNota\Addon_CopiaPedidoParaNota.csproj", "{4E96B241-DAAB-4E1C-AA7C-D8AF768E071F}"
EndProject
Global
	GlobalSection(SolutionConfigurationPlatforms) = preSolution
		Debug|Any CPU = Debug|Any CPU
		Debug|x64 = Debug|x64
		Release|Any CPU = Release|Any CPU
		Release|x64 = Release|x64
	EndGlobalSection
	GlobalSection(ProjectConfigurationPlatforms) = postSolution
		{4E96B241-DAAB-4E1C-AA7C-D8AF768E071F}.Debug|Any CPU.ActiveCfg = Debug|Any CPU
		{4E96B241-DAAB-4E1C-AA7C-D8AF768E071F}.Debug|Any CPU.Build.0 = Debug|Any CPU
		{4E96B241-DAAB-4E1C-AA7C-D8AF768E071F}.Debug|x64.ActiveCfg = Debug|x64
		{4E96B241-DAAB-4E1C-AA7C-D8AF768E071F}.Debug|x64.Build.0 = Debug|x64
		{4E96B241-DAAB-4E1C-AA7C-D8AF768E071F}.Release|Any CPU.ActiveCfg = Release|Any CPU
		{4E96B241-DAAB-4E1C-AA7C-D8AF768E071F}.Release|Any CPU.Build.0 = Release|Any CPU
		{4E96B241-DAAB-4E1C-AA7C-D8AF768E071F}.Release|x64.ActiveCfg = Release|x64
		{4E96B241-DAAB-4E1C-AA7C-D8AF768E071F}.Release|x64.Build.0 = Release|x64
	EndGlobalSection
	GlobalSection(SolutionProperties) = preSolution
		HideSolutionNode = FALSE
	EndGlobalSection
	GlobalSection(ExtensibilityGlobals) = postSolution
		SolutionGuid = {4E6827D0-4171-4B4E-845A-F1B26714C935}
	EndGlobalSection
EndGlobal
